{
  "name": "rare-wassies-data",
  "version": "1.0.0",
  "lockfileVersion": 1,
  "requires": true,
  "dependencies": {
    "stream-chain": {
      "version": "2.2.4",
      "resolved": "https://registry.npmjs.org/stream-chain/-/stream-chain-2.2.4.tgz",
      "integrity": "sha512-9lsl3YM53V5N/I1C2uJtc3Kavyi3kNYN83VkKb/bMWRk7D9imiFyUPYa0PoZbLohSVOX1mYE9YsmwObZUsth6Q=="
    },
    "stream-json": {
      "version": "1.7.3",
      "resolved": "https://registry.npmjs.org/stream-json/-/stream-json-1.7.3.tgz",
      "integrity": "sha512-Y6dXn9KKWSwxOqnvHGcdZy1PK+J+7alBwHCeU3W9oRqm4ilLRA0XSPmd1tWwhg7tv9EIxJTMWh7KF15tYelKJg==",
      "requires": {
        "stream-chain": "^2.2.4"
      }
    }
  }
}
